
Microsoft Visual Studio Solution File, Format Version 12.00
# Visual Studio Version 17
VisualStudioVersion = 17.5.001.0
MinimumVisualStudioVersion = 10.0.40219.1
Project("{9A19103F-16F7-4668-BE54-9A1E7A4F7556}") = "TrackedShipmentsAPI", "TrackedShipmentsAPI.csproj", "{F3076AD8-6B57-4A0F-89C1-473B5955AEBC}"
EndProject
Global
	GlobalSection(SolutionConfigurationPlatforms) = preSolution
		Debug|Any CPU = Debug|Any CPU
		Release|Any CPU = Release|Any CPU
	EndGlobalSection
	GlobalSection(ProjectConfigurationPlatforms) = postSolution
		{F3076AD8-6B57-4A0F-89C1-473B5955AEBC}.Debug|Any CPU.ActiveCfg = Debug|Any CPU
		{F3076AD8-6B57-4A0F-89C1-473B5955AEBC}.Debug|Any CPU.Build.0 = Debug|Any CPU
		{F3076AD8-6B57-4A0F-89C1-473B5955AEBC}.Release|Any CPU.ActiveCfg = Release|Any CPU
		{F3076AD8-6B57-4A0F-89C1-473B5955AEBC}.Release|Any CPU.Build.0 = Release|Any CPU
	EndGlobalSection
	GlobalSection(SolutionProperties) = preSolution
		HideSolutionNode = FALSE
	EndGlobalSection
	GlobalSection(ExtensibilityGlobals) = postSolution
		SolutionGuid = {67814CCC-3616-4475-9F32-74B128C5A6E7}
	EndGlobalSection
EndGlobal
